
Microsoft Visual Studio Solution File, Format Version 12.00
# Visual Studio Version 17
VisualStudioVersion = 17.4.33122.133
MinimumVisualStudioVersion = 10.0.40219.1
Project("{9A19103F-16F7-4668-BE54-9A1E7A4F7556}") = "etickets", "etickets\etickets.csproj", "{11328EED-CD72-432A-A42C-7FEA8120282D}"
EndProject
Project("{2150E333-8FDC-42A3-9474-1A3956D46DE8}") = "Solution Items", "Solution Items", "{2EA41ED4-7B26-47B4-AAD5-F260110A2863}"
	ProjectSection(SolutionItems) = preProject
		.editorconfig = .editorconfig
	EndProjectSection
EndProject
Global
	GlobalSection(SolutionConfigurationPlatforms) = preSolution
		Debug|Any CPU = Debug|Any CPU
		Release|Any CPU = Release|Any CPU
	EndGlobalSection
	GlobalSection(ProjectConfigurationPlatforms) = postSolution
		{11328EED-CD72-432A-A42C-7FEA8120282D}.Debug|Any CPU.ActiveCfg = Debug|Any CPU
		{11328EED-CD72-432A-A42C-7FEA8120282D}.Debug|Any CPU.Build.0 = Debug|Any CPU
		{11328EED-CD72-432A-A42C-7FEA8120282D}.Release|Any CPU.ActiveCfg = Release|Any CPU
		{11328EED-CD72-432A-A42C-7FEA8120282D}.Release|Any CPU.Build.0 = Release|Any CPU
	EndGlobalSection
	GlobalSection(SolutionProperties) = preSolution
		HideSolutionNode = FALSE
	EndGlobalSection
	GlobalSection(ExtensibilityGlobals) = postSolution
		SolutionGuid = {503B23E4-22B1-41D3-88AB-6C7ACB7403A5}
	EndGlobalSection
EndGlobal
